# THIS IS AN AUTOGENERATED FILE. DO NOT EDIT THIS FILE DIRECTLY.
# yarn lockfile v1


flow-bin@^0.130.0:
  version "0.130.0"
  resolved "https://registry.yarnpkg.com/flow-bin/-/flow-bin-0.130.0.tgz#e25eaf891af96da371ff6a9fa99d709f24ce9252"
  integrity sha512-1TSLwCPXvKPwiae7Fh+dpipCzwlHQ1UcBHfCpQImz+hsxYIUWkLWJWEm34bY6I7dSM4ekSiVeP02BhzVJGwtpw==

prettier@^2.0.5:
  version "2.0.5"
  resolved "https://registry.yarnpkg.com/prettier/-/prettier-2.0.5.tgz#d6d56282455243f2f92cc1716692c08aa31522d4"
  integrity sha512-7PtVymN48hGcO4fGjybyBSIWDsLU4H4XlvOHfq91pz9kkGlonzwTfYkaIEwiRg/dAJF9YlbsduBAgtYLi+8cFg==
